
Microsoft Visual Studio Solution File, Format Version 12.00
# Visual Studio 15
VisualStudioVersion = 15.0.28010.2041
MinimumVisualStudioVersion = 10.0.40219.1
Project("{8BC9CEB8-8B4A-11D0-8D11-00A0C91BC942}") = "cpp11_rvalue", "..\cpp11_rvalue\cpp11_rvalue.vcxproj", "{80DE264E-539A-49B9-9E4E-A24D9A67AB66}"
EndProject
Project("{8BC9CEB8-8B4A-11D0-8D11-00A0C91BC942}") = "cpp11_constexpr", "cpp11_constexpr\cpp11_constexpr.vcxproj", "{E9BF11C3-7313-48DD-AD3B-AEA1BE8C5D0D}"
EndProject
Project("{8BC9CEB8-8B4A-11D0-8D11-00A0C91BC942}") = "cpp11_initializer", "cpp11_initializer\cpp11_initializer.vcxproj", "{93078F93-AA2D-4744-8495-10E85997B159}"
EndProject
Project("{8BC9CEB8-8B4A-11D0-8D11-00A0C91BC942}") = "cpp11_auto", "cpp11_auto\cpp11_auto.vcxproj", "{F0FAD6B5-0515-4B57-8248-F65E93610008}"
EndProject
Project("{8BC9CEB8-8B4A-11D0-8D11-00A0C91BC942}") = "cpp11_lambda", "cpp11_lambda\cpp11_lambda.vcxproj", "{1C08D17B-D85F-4AF9-9AB4-27FF928B6E21}"
EndProject
Project("{8BC9CEB8-8B4A-11D0-8D11-00A0C91BC942}") = "cpp11_altfunc", "cpp11_altfunc\cpp11_altfunc.vcxproj", "{5E167F04-15B1-4EF9-B2EE-B5F659794469}"
EndProject
Project("{8BC9CEB8-8B4A-11D0-8D11-00A0C91BC942}") = "cpp11_constructors", "cpp11_constructors\cpp11_constructors.vcxproj", "{4F86BD5B-6FC4-43A0-8E79-BDF10999F92B}"
EndProject
Project("{8BC9CEB8-8B4A-11D0-8D11-00A0C91BC942}") = "cpp11_inheritance", "cpp11_inheritance\cpp11_inheritance.vcxproj", "{263BF200-4C73-4DCE-A09D-1A32D08B3D05}"
EndProject
Project("{8BC9CEB8-8B4A-11D0-8D11-00A0C91BC942}") = "cpp11_nullptr", "cpp11_nullptr\cpp11_nullptr.vcxproj", "{3AB123ED-8EC3-45B7-BC5D-B53337445E69}"
EndProject
Project("{8BC9CEB8-8B4A-11D0-8D11-00A0C91BC942}") = "cpp11_strongenum", "cpp11_strongenum\cpp11_strongenum.vcxproj", "{AF806118-2032-405A-8008-C9B7036BA1E7}"
EndProject
Project("{8BC9CEB8-8B4A-11D0-8D11-00A0C91BC942}") = "cpp11_explicit", "cpp11_explicit\cpp11_explicit.vcxproj", "{DEB0482B-2754-4CC7-AC5C-2F103792224C}"
EndProject
Project("{8BC9CEB8-8B4A-11D0-8D11-00A0C91BC942}") = "cpp11_variadic", "cpp11_variadic\cpp11_variadic.vcxproj", "{90875979-05E7-46DB-AF00-F024021D37A5}"
EndProject
Project("{8BC9CEB8-8B4A-11D0-8D11-00A0C91BC942}") = "cpp11_atomic", "cpp11_atomic\cpp11_atomic.vcxproj", "{455BE913-1D91-4F92-9F44-BA7965BDDB8A}"
EndProject
Project("{8BC9CEB8-8B4A-11D0-8D11-00A0C91BC942}") = "cpp11_tuple", "cpp11_tuple\cpp11_tuple.vcxproj", "{4ED8B68E-6848-408C-B286-BEC1ADFA9489}"
EndProject
Project("{8BC9CEB8-8B4A-11D0-8D11-00A0C91BC942}") = "cpp11_regex", "cpp11_regex\cpp11_regex.vcxproj", "{2F3348EB-A3A2-4287-BE8B-C3DD2B7CFCBA}"
EndProject
Project("{8BC9CEB8-8B4A-11D0-8D11-00A0C91BC942}") = "cpp11_smartptr", "cpp11_smartptr\cpp11_smartptr.vcxproj", "{E6203640-0908-4011-BEF9-A52B9F65ACEB}"
EndProject
Project("{8BC9CEB8-8B4A-11D0-8D11-00A0C91BC942}") = "cpp14_autoreturn", "cpp14_autoreturn\cpp14_autoreturn.vcxproj", "{8FB4E12F-1C90-409E-B3CC-FD0B68640EDE}"
EndProject
Project("{8BC9CEB8-8B4A-11D0-8D11-00A0C91BC942}") = "cpp14_binliteral", "cpp14_binliteral\cpp14_binliteral.vcxproj", "{7A4E387B-D759-42FE-810E-E9D9E9B787D0}"
EndProject
Project("{8BC9CEB8-8B4A-11D0-8D11-00A0C91BC942}") = "cpp14_genericlambda", "cpp14_genericlambda\cpp14_genericlambda.vcxproj", "{F14F706D-B4AC-4B50-92D9-3ACF4D56163E}"
EndProject
Project("{8BC9CEB8-8B4A-11D0-8D11-00A0C91BC942}") = "cpp17_nestednamespace", "cpp17_nestednamespace\cpp17_nestednamespace.vcxproj", "{020AC1F5-4BF0-4540-A3CD-3393886E7267}"
EndProject
Project("{8BC9CEB8-8B4A-11D0-8D11-00A0C91BC942}") = "cpp11_ifdecl", "cpp11_ifdecl\cpp11_ifdecl.vcxproj", "{BA72C889-319C-4F70-A554-F3965605BC55}"
EndProject
Global
	GlobalSection(SolutionConfigurationPlatforms) = preSolution
		Debug|x64 = Debug|x64
		Debug|x86 = Debug|x86
		Release|x64 = Release|x64
		Release|x86 = Release|x86
	EndGlobalSection
	GlobalSection(ProjectConfigurationPlatforms) = postSolution
		{80DE264E-539A-49B9-9E4E-A24D9A67AB66}.Debug|x64.ActiveCfg = Debug|x64
		{80DE264E-539A-49B9-9E4E-A24D9A67AB66}.Debug|x64.Build.0 = Debug|x64
		{80DE264E-539A-49B9-9E4E-A24D9A67AB66}.Debug|x86.ActiveCfg = Debug|Win32
		{80DE264E-539A-49B9-9E4E-A24D9A67AB66}.Debug|x86.Build.0 = Debug|Win32
		{80DE264E-539A-49B9-9E4E-A24D9A67AB66}.Release|x64.ActiveCfg = Release|x64
		{80DE264E-539A-49B9-9E4E-A24D9A67AB66}.Release|x64.Build.0 = Release|x64
		{80DE264E-539A-49B9-9E4E-A24D9A67AB66}.Release|x86.ActiveCfg = Release|Win32
		{80DE264E-539A-49B9-9E4E-A24D9A67AB66}.Release|x86.Build.0 = Release|Win32
		{E9BF11C3-7313-48DD-AD3B-AEA1BE8C5D0D}.Debug|x64.ActiveCfg = Debug|x64
		{E9BF11C3-7313-48DD-AD3B-AEA1BE8C5D0D}.Debug|x64.Build.0 = Debug|x64
		{E9BF11C3-7313-48DD-AD3B-AEA1BE8C5D0D}.Debug|x86.ActiveCfg = Debug|Win32
		{E9BF11C3-7313-48DD-AD3B-AEA1BE8C5D0D}.Debug|x86.Build.0 = Debug|Win32
		{E9BF11C3-7313-48DD-AD3B-AEA1BE8C5D0D}.Release|x64.ActiveCfg = Release|x64
		{E9BF11C3-7313-48DD-AD3B-AEA1BE8C5D0D}.Release|x64.Build.0 = Release|x64
		{E9BF11C3-7313-48DD-AD3B-AEA1BE8C5D0D}.Release|x86.ActiveCfg = Release|Win32
		{E9BF11C3-7313-48DD-AD3B-AEA1BE8C5D0D}.Release|x86.Build.0 = Release|Win32
		{93078F93-AA2D-4744-8495-10E85997B159}.Debug|x64.ActiveCfg = Debug|x64
		{93078F93-AA2D-4744-8495-10E85997B159}.Debug|x64.Build.0 = Debug|x64
		{93078F93-AA2D-4744-8495-10E85997B159}.Debug|x86.ActiveCfg = Debug|Win32
		{93078F93-AA2D-4744-8495-10E85997B159}.Debug|x86.Build.0 = Debug|Win32
		{93078F93-AA2D-4744-8495-10E85997B159}.Release|x64.ActiveCfg = Release|x64
		{93078F93-AA2D-4744-8495-10E85997B159}.Release|x64.Build.0 = Release|x64
		{93078F93-AA2D-4744-8495-10E85997B159}.Release|x86.ActiveCfg = Release|Win32
		{93078F93-AA2D-4744-8495-10E85997B159}.Release|x86.Build.0 = Release|Win32
		{F0FAD6B5-0515-4B57-8248-F65E93610008}.Debug|x64.ActiveCfg = Debug|x64
		{F0FAD6B5-0515-4B57-8248-F65E93610008}.Debug|x64.Build.0 = Debug|x64
		{F0FAD6B5-0515-4B57-8248-F65E93610008}.Debug|x86.ActiveCfg = Debug|Win32
		{F0FAD6B5-0515-4B57-8248-F65E93610008}.Debug|x86.Build.0 = Debug|Win32
		{F0FAD6B5-0515-4B57-8248-F65E93610008}.Release|x64.ActiveCfg = Release|x64
		{F0FAD6B5-0515-4B57-8248-F65E93610008}.Release|x64.Build.0 = Release|x64
		{F0FAD6B5-0515-4B57-8248-F65E93610008}.Release|x86.ActiveCfg = Release|Win32
		{F0FAD6B5-0515-4B57-8248-F65E93610008}.Release|x86.Build.0 = Release|Win32
		{1C08D17B-D85F-4AF9-9AB4-27FF928B6E21}.Debug|x64.ActiveCfg = Debug|x64
		{1C08D17B-D85F-4AF9-9AB4-27FF928B6E21}.Debug|x64.Build.0 = Debug|x64
		{1C08D17B-D85F-4AF9-9AB4-27FF928B6E21}.Debug|x86.ActiveCfg = Debug|Win32
		{1C08D17B-D85F-4AF9-9AB4-27FF928B6E21}.Debug|x86.Build.0 = Debug|Win32
		{1C08D17B-D85F-4AF9-9AB4-27FF928B6E21}.Release|x64.ActiveCfg = Release|x64
		{1C08D17B-D85F-4AF9-9AB4-27FF928B6E21}.Release|x64.Build.0 = Release|x64
		{1C08D17B-D85F-4AF9-9AB4-27FF928B6E21}.Release|x86.ActiveCfg = Release|Win32
		{1C08D17B-D85F-4AF9-9AB4-27FF928B6E21}.Release|x86.Build.0 = Release|Win32
		{5E167F04-15B1-4EF9-B2EE-B5F659794469}.Debug|x64.ActiveCfg = Debug|x64
		{5E167F04-15B1-4EF9-B2EE-B5F659794469}.Debug|x64.Build.0 = Debug|x64
		{5E167F04-15B1-4EF9-B2EE-B5F659794469}.Debug|x86.ActiveCfg = Debug|Win32
		{5E167F04-15B1-4EF9-B2EE-B5F659794469}.Debug|x86.Build.0 = Debug|Win32
		{5E167F04-15B1-4EF9-B2EE-B5F659794469}.Release|x64.ActiveCfg = Release|x64
		{5E167F04-15B1-4EF9-B2EE-B5F659794469}.Release|x64.Build.0 = Release|x64
		{5E167F04-15B1-4EF9-B2EE-B5F659794469}.Release|x86.ActiveCfg = Release|Win32
		{5E167F04-15B1-4EF9-B2EE-B5F659794469}.Release|x86.Build.0 = Release|Win32
		{4F86BD5B-6FC4-43A0-8E79-BDF10999F92B}.Debug|x64.ActiveCfg = Debug|x64
		{4F86BD5B-6FC4-43A0-8E79-BDF10999F92B}.Debug|x64.Build.0 = Debug|x64
		{4F86BD5B-6FC4-43A0-8E79-BDF10999F92B}.Debug|x86.ActiveCfg = Debug|Win32
		{4F86BD5B-6FC4-43A0-8E79-BDF10999F92B}.Debug|x86.Build.0 = Debug|Win32
		{4F86BD5B-6FC4-43A0-8E79-BDF10999F92B}.Release|x64.ActiveCfg = Release|x64
		{4F86BD5B-6FC4-43A0-8E79-BDF10999F92B}.Release|x64.Build.0 = Release|x64
		{4F86BD5B-6FC4-43A0-8E79-BDF10999F92B}.Release|x86.ActiveCfg = Release|Win32
		{4F86BD5B-6FC4-43A0-8E79-BDF10999F92B}.Release|x86.Build.0 = Release|Win32
		{263BF200-4C73-4DCE-A09D-1A32D08B3D05}.Debug|x64.ActiveCfg = Debug|x64
		{263BF200-4C73-4DCE-A09D-1A32D08B3D05}.Debug|x64.Build.0 = Debug|x64
		{263BF200-4C73-4DCE-A09D-1A32D08B3D05}.Debug|x86.ActiveCfg = Debug|Win32
		{263BF200-4C73-4DCE-A09D-1A32D08B3D05}.Debug|x86.Build.0 = Debug|Win32
		{263BF200-4C73-4DCE-A09D-1A32D08B3D05}.Release|x64.ActiveCfg = Release|x64
		{263BF200-4C73-4DCE-A09D-1A32D08B3D05}.Release|x64.Build.0 = Release|x64
		{263BF200-4C73-4DCE-A09D-1A32D08B3D05}.Release|x86.ActiveCfg = Release|Win32
		{263BF200-4C73-4DCE-A09D-1A32D08B3D05}.Release|x86.Build.0 = Release|Win32
		{3AB123ED-8EC3-45B7-BC5D-B53337445E69}.Debug|x64.ActiveCfg = Debug|x64
		{3AB123ED-8EC3-45B7-BC5D-B53337445E69}.Debug|x64.Build.0 = Debug|x64
		{3AB123ED-8EC3-45B7-BC5D-B53337445E69}.Debug|x86.ActiveCfg = Debug|Win32
		{3AB123ED-8EC3-45B7-BC5D-B53337445E69}.Debug|x86.Build.0 = Debug|Win32
		{3AB123ED-8EC3-45B7-BC5D-B53337445E69}.Release|x64.ActiveCfg = Release|x64
		{3AB123ED-8EC3-45B7-BC5D-B53337445E69}.Release|x64.Build.0 = Release|x64
		{3AB123ED-8EC3-45B7-BC5D-B53337445E69}.Release|x86.ActiveCfg = Release|Win32
		{3AB123ED-8EC3-45B7-BC5D-B53337445E69}.Release|x86.Build.0 = Release|Win32
		{AF806118-2032-405A-8008-C9B7036BA1E7}.Debug|x64.ActiveCfg = Debug|x64
		{AF806118-2032-405A-8008-C9B7036BA1E7}.Debug|x64.Build.0 = Debug|x64
		{AF806118-2032-405A-8008-C9B7036BA1E7}.Debug|x86.ActiveCfg = Debug|Win32
		{AF806118-2032-405A-8008-C9B7036BA1E7}.Debug|x86.Build.0 = Debug|Win32
		{AF806118-2032-405A-8008-C9B7036BA1E7}.Release|x64.ActiveCfg = Release|x64
		{AF806118-2032-405A-8008-C9B7036BA1E7}.Release|x64.Build.0 = Release|x64
		{AF806118-2032-405A-8008-C9B7036BA1E7}.Release|x86.ActiveCfg = Release|Win32
		{AF806118-2032-405A-8008-C9B7036BA1E7}.Release|x86.Build.0 = Release|Win32
		{DEB0482B-2754-4CC7-AC5C-2F103792224C}.Debug|x64.ActiveCfg = Debug|x64
		{DEB0482B-2754-4CC7-AC5C-2F103792224C}.Debug|x64.Build.0 = Debug|x64
		{DEB0482B-2754-4CC7-AC5C-2F103792224C}.Debug|x86.ActiveCfg = Debug|Win32
		{DEB0482B-2754-4CC7-AC5C-2F103792224C}.Debug|x86.Build.0 = Debug|Win32
		{DEB0482B-2754-4CC7-AC5C-2F103792224C}.Release|x64.ActiveCfg = Release|x64
		{DEB0482B-2754-4CC7-AC5C-2F103792224C}.Release|x64.Build.0 = Release|x64
		{DEB0482B-2754-4CC7-AC5C-2F103792224C}.Release|x86.ActiveCfg = Release|Win32
		{DEB0482B-2754-4CC7-AC5C-2F103792224C}.Release|x86.Build.0 = Release|Win32
		{90875979-05E7-46DB-AF00-F024021D37A5}.Debug|x64.ActiveCfg = Debug|x64
		{90875979-05E7-46DB-AF00-F024021D37A5}.Debug|x64.Build.0 = Debug|x64
		{90875979-05E7-46DB-AF00-F024021D37A5}.Debug|x86.ActiveCfg = Debug|Win32
		{90875979-05E7-46DB-AF00-F024021D37A5}.Debug|x86.Build.0 = Debug|Win32
		{90875979-05E7-46DB-AF00-F024021D37A5}.Release|x64.ActiveCfg = Release|x64
		{90875979-05E7-46DB-AF00-F024021D37A5}.Release|x64.Build.0 = Release|x64
		{90875979-05E7-46DB-AF00-F024021D37A5}.Release|x86.ActiveCfg = Release|Win32
		{90875979-05E7-46DB-AF00-F024021D37A5}.Release|x86.Build.0 = Release|Win32
		{455BE913-1D91-4F92-9F44-BA7965BDDB8A}.Debug|x64.ActiveCfg = Debug|x64
		{455BE913-1D91-4F92-9F44-BA7965BDDB8A}.Debug|x64.Build.0 = Debug|x64
		{455BE913-1D91-4F92-9F44-BA7965BDDB8A}.Debug|x86.ActiveCfg = Debug|Win32
		{455BE913-1D91-4F92-9F44-BA7965BDDB8A}.Debug|x86.Build.0 = Debug|Win32
		{455BE913-1D91-4F92-9F44-BA7965BDDB8A}.Release|x64.ActiveCfg = Release|x64
		{455BE913-1D91-4F92-9F44-BA7965BDDB8A}.Release|x64.Build.0 = Release|x64
		{455BE913-1D91-4F92-9F44-BA7965BDDB8A}.Release|x86.ActiveCfg = Release|Win32
		{455BE913-1D91-4F92-9F44-BA7965BDDB8A}.Release|x86.Build.0 = Release|Win32
		{4ED8B68E-6848-408C-B286-BEC1ADFA9489}.Debug|x64.ActiveCfg = Debug|x64
		{4ED8B68E-6848-408C-B286-BEC1ADFA9489}.Debug|x64.Build.0 = Debug|x64
		{4ED8B68E-6848-408C-B286-BEC1ADFA9489}.Debug|x86.ActiveCfg = Debug|Win32
		{4ED8B68E-6848-408C-B286-BEC1ADFA9489}.Debug|x86.Build.0 = Debug|Win32
		{4ED8B68E-6848-408C-B286-BEC1ADFA9489}.Release|x64.ActiveCfg = Release|x64
		{4ED8B68E-6848-408C-B286-BEC1ADFA9489}.Release|x64.Build.0 = Release|x64
		{4ED8B68E-6848-408C-B286-BEC1ADFA9489}.Release|x86.ActiveCfg = Release|Win32
		{4ED8B68E-6848-408C-B286-BEC1ADFA9489}.Release|x86.Build.0 = Release|Win32
		{2F3348EB-A3A2-4287-BE8B-C3DD2B7CFCBA}.Debug|x64.ActiveCfg = Debug|x64
		{2F3348EB-A3A2-4287-BE8B-C3DD2B7CFCBA}.Debug|x64.Build.0 = Debug|x64
		{2F3348EB-A3A2-4287-BE8B-C3DD2B7CFCBA}.Debug|x86.ActiveCfg = Debug|Win32
		{2F3348EB-A3A2-4287-BE8B-C3DD2B7CFCBA}.Debug|x86.Build.0 = Debug|Win32
		{2F3348EB-A3A2-4287-BE8B-C3DD2B7CFCBA}.Release|x64.ActiveCfg = Release|x64
		{2F3348EB-A3A2-4287-BE8B-C3DD2B7CFCBA}.Release|x64.Build.0 = Release|x64
		{2F3348EB-A3A2-4287-BE8B-C3DD2B7CFCBA}.Release|x86.ActiveCfg = Release|Win32
		{2F3348EB-A3A2-4287-BE8B-C3DD2B7CFCBA}.Release|x86.Build.0 = Release|Win32
		{E6203640-0908-4011-BEF9-A52B9F65ACEB}.Debug|x64.ActiveCfg = Debug|x64
		{E6203640-0908-4011-BEF9-A52B9F65ACEB}.Debug|x64.Build.0 = Debug|x64
		{E6203640-0908-4011-BEF9-A52B9F65ACEB}.Debug|x86.ActiveCfg = Debug|Win32
		{E6203640-0908-4011-BEF9-A52B9F65ACEB}.Debug|x86.Build.0 = Debug|Win32
		{E6203640-0908-4011-BEF9-A52B9F65ACEB}.Release|x64.ActiveCfg = Release|x64
		{E6203640-0908-4011-BEF9-A52B9F65ACEB}.Release|x64.Build.0 = Release|x64
		{E6203640-0908-4011-BEF9-A52B9F65ACEB}.Release|x86.ActiveCfg = Release|Win32
		{E6203640-0908-4011-BEF9-A52B9F65ACEB}.Release|x86.Build.0 = Release|Win32
		{8FB4E12F-1C90-409E-B3CC-FD0B68640EDE}.Debug|x64.ActiveCfg = Debug|x64
		{8FB4E12F-1C90-409E-B3CC-FD0B68640EDE}.Debug|x64.Build.0 = Debug|x64
		{8FB4E12F-1C90-409E-B3CC-FD0B68640EDE}.Debug|x86.ActiveCfg = Debug|Win32
		{8FB4E12F-1C90-409E-B3CC-FD0B68640EDE}.Debug|x86.Build.0 = Debug|Win32
		{8FB4E12F-1C90-409E-B3CC-FD0B68640EDE}.Release|x64.ActiveCfg = Release|x64
		{8FB4E12F-1C90-409E-B3CC-FD0B68640EDE}.Release|x64.Build.0 = Release|x64
		{8FB4E12F-1C90-409E-B3CC-FD0B68640EDE}.Release|x86.ActiveCfg = Release|Win32
		{8FB4E12F-1C90-409E-B3CC-FD0B68640EDE}.Release|x86.Build.0 = Release|Win32
		{7A4E387B-D759-42FE-810E-E9D9E9B787D0}.Debug|x64.ActiveCfg = Debug|x64
		{7A4E387B-D759-42FE-810E-E9D9E9B787D0}.Debug|x64.Build.0 = Debug|x64
		{7A4E387B-D759-42FE-810E-E9D9E9B787D0}.Debug|x86.ActiveCfg = Debug|Win32
		{7A4E387B-D759-42FE-810E-E9D9E9B787D0}.Debug|x86.Build.0 = Debug|Win32
		{7A4E387B-D759-42FE-810E-E9D9E9B787D0}.Release|x64.ActiveCfg = Release|x64
		{7A4E387B-D759-42FE-810E-E9D9E9B787D0}.Release|x64.Build.0 = Release|x64
		{7A4E387B-D759-42FE-810E-E9D9E9B787D0}.Release|x86.ActiveCfg = Release|Win32
		{7A4E387B-D759-42FE-810E-E9D9E9B787D0}.Release|x86.Build.0 = Release|Win32
		{F14F706D-B4AC-4B50-92D9-3ACF4D56163E}.Debug|x64.ActiveCfg = Debug|x64
		{F14F706D-B4AC-4B50-92D9-3ACF4D56163E}.Debug|x64.Build.0 = Debug|x64
		{F14F706D-B4AC-4B50-92D9-3ACF4D56163E}.Debug|x86.ActiveCfg = Debug|Win32
		{F14F706D-B4AC-4B50-92D9-3ACF4D56163E}.Debug|x86.Build.0 = Debug|Win32
		{F14F706D-B4AC-4B50-92D9-3ACF4D56163E}.Release|x64.ActiveCfg = Release|x64
		{F14F706D-B4AC-4B50-92D9-3ACF4D56163E}.Release|x64.Build.0 = Release|x64
		{F14F706D-B4AC-4B50-92D9-3ACF4D56163E}.Release|x86.ActiveCfg = Release|Win32
		{F14F706D-B4AC-4B50-92D9-3ACF4D56163E}.Release|x86.Build.0 = Release|Win32
		{020AC1F5-4BF0-4540-A3CD-3393886E7267}.Debug|x64.ActiveCfg = Debug|x64
		{020AC1F5-4BF0-4540-A3CD-3393886E7267}.Debug|x64.Build.0 = Debug|x64
		{020AC1F5-4BF0-4540-A3CD-3393886E7267}.Debug|x86.ActiveCfg = Debug|Win32
		{020AC1F5-4BF0-4540-A3CD-3393886E7267}.Debug|x86.Build.0 = Debug|Win32
		{020AC1F5-4BF0-4540-A3CD-3393886E7267}.Release|x64.ActiveCfg = Release|x64
		{020AC1F5-4BF0-4540-A3CD-3393886E7267}.Release|x64.Build.0 = Release|x64
		{020AC1F5-4BF0-4540-A3CD-3393886E7267}.Release|x86.ActiveCfg = Release|Win32
		{020AC1F5-4BF0-4540-A3CD-3393886E7267}.Release|x86.Build.0 = Release|Win32
		{BA72C889-319C-4F70-A554-F3965605BC55}.Debug|x64.ActiveCfg = Debug|x64
		{BA72C889-319C-4F70-A554-F3965605BC55}.Debug|x64.Build.0 = Debug|x64
		{BA72C889-319C-4F70-A554-F3965605BC55}.Debug|x86.ActiveCfg = Debug|Win32
		{BA72C889-319C-4F70-A554-F3965605BC55}.Debug|x86.Build.0 = Debug|Win32
		{BA72C889-319C-4F70-A554-F3965605BC55}.Release|x64.ActiveCfg = Release|x64
		{BA72C889-319C-4F70-A554-F3965605BC55}.Release|x64.Build.0 = Release|x64
		{BA72C889-319C-4F70-A554-F3965605BC55}.Release|x86.ActiveCfg = Release|Win32
		{BA72C889-319C-4F70-A554-F3965605BC55}.Release|x86.Build.0 = Release|Win32
	EndGlobalSection
	GlobalSection(SolutionProperties) = preSolution
		HideSolutionNode = FALSE
	EndGlobalSection
	GlobalSection(ExtensibilityGlobals) = postSolution
		SolutionGuid = {79B40CBF-7231-4182-B7B9-0A4EF94CD04F}
	EndGlobalSection
EndGlobal
